{
  "version": "5",
  "redirects": {
    "https://esm.sh/@supabase/supabase-js@2": "https://esm.sh/@supabase/supabase-js@2.112.3"
  },
  "remote": {
    "https://deno.land/std@0.192.0/_util/asserts.ts": "178dfc49a464aee693a7e285567b3d0b555dc805ff490505a8aae34f9cfb1462",
    "https://deno.land/std@0.192.0/async/abortable.ts": "fd682fa46f3b7b16b4606a5ab52a7ce309434b76f820d3221bdfb862719a15d7",
    "https://deno.land/std@0.192.0/async/deadline.ts": "58f72a3cc0fcb731b2cc055ba046f4b5be3349ff6bf98f2e793c3b969354aab2",
    "https://deno.land/std@0.192.0/async/debounce.ts": "adab11d04ca38d699444ac8a9d9856b4155e8dda2afd07ce78276c01ea5a4332",
    "https://deno.land/std@0.192.0/async/deferred.ts": "42790112f36a75a57db4a96d33974a936deb7b04d25c6084a9fa8a49f135def8",
    "https://deno.land/std@0.192.0/async/delay.ts": "73aa04cec034c84fc748c7be49bb15cac3dd43a57174bfdb7a4aec22c248f0dd",
    "https://deno.land/std@0.192.0/async/mod.ts": "f04344fa21738e5ad6bea37a6bfffd57c617c2d372bb9f9dcfd118a1b622e576",
    "https://deno.land/std@0.192.0/async/mux_async_iterator.ts": "70c7f2ee4e9466161350473ad61cac0b9f115cff4c552eaa7ef9d50c4cbb4cc9",
    "https://deno.land/std@0.192.0/async/pool.ts": "f1b8d3df4d7fd3c73f8cbc91cc2e8b8e950910f1eab94230b443944d7584c657",
    "https://deno.land/std@0.192.0/async/retry.ts": "6521c061a5ab24e8b1ae624bdc581c4243d1d574f99dc7f5a2a195c2241fb1b8",
    "https://deno.land/std@0.192.0/async/tee.ts": "47e42d35f622650b02234d43803d0383a89eb4387e1b83b5a40106d18ae36757",
    "https://deno.land/std@0.192.0/http/server.ts": "1b23463b5b36e4eebc495417f6af47a6f7d52e3294827a1226d2a1aab23d9d20",
    "https://esm.sh/@supabase/supabase-js@2.112.3": "f6b9130984301066587e8917dfab3b3d60be47dc966bd3d04c733bc9423c1cf9"
  },
  "workspace": {
    "packageJson": {
      "dependencies": [
        "npm:@radix-ui/react-slot@^1.2.3",
        "npm:@reduxjs/toolkit@^2.6.1",
        "npm:@rocketnew/llm-sdk@^1.0.3",
        "npm:@stripe/react-stripe-js@^5.6.0",
        "npm:@stripe/stripe-js@^8.8.0",
        "npm:@supabase/supabase-js@^2.87.1",
        "npm:@tailwindcss/aspect-ratio@~0.4.2",
        "npm:@tailwindcss/container-queries@~0.1.1",
        "npm:@tailwindcss/forms@~0.5.7",
        "npm:@tailwindcss/line-clamp@0.1",
        "npm:@tailwindcss/typography@~0.5.16",
        "npm:@testing-library/jest-dom@^6.9.1",
        "npm:@testing-library/react@^14.3.1",
        "npm:@testing-library/user-event@^14.6.1",
        "npm:@vitejs/plugin-react@^4.3.4",
        "npm:@vitest/coverage-v8@^2.1.9",
        "npm:autoprefixer@^10.4.2",
        "npm:axios@^1.8.4",
        "npm:class-variance-authority@~0.7.1",
        "npm:clsx@^2.1.1",
        "npm:d3@^7.9.0",
        "npm:date-fns@^4.1.0",
        "npm:dotenv@^16.0.1",
        "npm:eslint-plugin-react-hooks@^5.2.0",
        "npm:eslint-plugin-react@^7.37.5",
        "npm:eslint@^9.39.5",
        "npm:framer-motion@^10.16.4",
        "npm:globals@^15.15.0",
        "npm:jsdom@^29.1.1",
        "npm:lucide-react@0.484",
        "npm:postcss@^8.4.8",
        "npm:react-dom@^18.2.0",
        "npm:react-helmet@^6.1.0",
        "npm:react-hook-form@^7.55.0",
        "npm:react-hot-toast@^2.6.0",
        "npm:react-router-dom@^6.30.6",
        "npm:react-router-hash-link@^2.4.3",
        "npm:react@^18.2.0",
        "npm:recharts@^2.15.2",
        "npm:redux@^5.0.1",
        "npm:tailwind-merge@^3.3.1",
        "npm:tailwindcss-animate@^1.0.7",
        "npm:tailwindcss-elevation@2",
        "npm:tailwindcss-fluid-type@^2.0.7",
        "npm:tailwindcss@^3.4.6",
        "npm:uuid@14",
        "npm:vite-tsconfig-paths@^3.6.0",
        "npm:vite@^5.4.21",
        "npm:vitest@^2.1.9"
      ]
    }
  }
}
